
Microsoft Visual Studio Solution File, Format Version 12.00
# Visual Studio 2013
VisualStudioVersion = 12.0.40629.0
MinimumVisualStudioVersion = 10.0.40219.1
Project("{FAE04EC0-301F-11D3-BF4B-00C04F79EFBC}") = "ECommerceServicesWebHost", "ECommerceServices\ECommerceServicesWebHost.csproj", "{AAD34053-1074-4BF7-9156-EC5D23624E10}"
EndProject
Project("{FAE04EC0-301F-11D3-BF4B-00C04F79EFBC}") = "EntityServices", "BrokerService\EntityServices.csproj", "{B3D2882F-0207-4980-A5DD-DAECD9CED097}"
EndProject
Global
	GlobalSection(SolutionConfigurationPlatforms) = preSolution
		Debug|Any CPU = Debug|Any CPU
		Release|Any CPU = Release|Any CPU
	EndGlobalSection
	GlobalSection(ProjectConfigurationPlatforms) = postSolution
		{AAD34053-1074-4BF7-9156-EC5D23624E10}.Debug|Any CPU.ActiveCfg = Debug|Any CPU
		{AAD34053-1074-4BF7-9156-EC5D23624E10}.Debug|Any CPU.Build.0 = Debug|Any CPU
		{AAD34053-1074-4BF7-9156-EC5D23624E10}.Release|Any CPU.ActiveCfg = Release|Any CPU
		{AAD34053-1074-4BF7-9156-EC5D23624E10}.Release|Any CPU.Build.0 = Release|Any CPU
		{B3D2882F-0207-4980-A5DD-DAECD9CED097}.Debug|Any CPU.ActiveCfg = Debug|Any CPU
		{B3D2882F-0207-4980-A5DD-DAECD9CED097}.Debug|Any CPU.Build.0 = Debug|Any CPU
		{B3D2882F-0207-4980-A5DD-DAECD9CED097}.Release|Any CPU.ActiveCfg = Release|Any CPU
		{B3D2882F-0207-4980-A5DD-DAECD9CED097}.Release|Any CPU.Build.0 = Release|Any CPU
	EndGlobalSection
	GlobalSection(SolutionProperties) = preSolution
		HideSolutionNode = FALSE
	EndGlobalSection
EndGlobal
